
Microsoft Visual Studio Solution File, Format Version 12.00
# Visual Studio Version 17
VisualStudioVersion = 17.2.32630.192
MinimumVisualStudioVersion = 10.0.40219.1
Project("{FAE04EC0-301F-11D3-BF4B-00C04F79EFBC}") = "WAZE_DATA_FEED", "WAZE_DATA_FEED.csproj", "{517B8A0F-3315-449A-BE6A-41FFA516121E}"
EndProject
Global
	GlobalSection(SolutionConfigurationPlatforms) = preSolution
		Debug|Any CPU = Debug|Any CPU
		Release|Any CPU = Release|Any CPU
	EndGlobalSection
	GlobalSection(ProjectConfigurationPlatforms) = postSolution
		{517B8A0F-3315-449A-BE6A-41FFA516121E}.Debug|Any CPU.ActiveCfg = Debug|Any CPU
		{517B8A0F-3315-449A-BE6A-41FFA516121E}.Debug|Any CPU.Build.0 = Debug|Any CPU
		{517B8A0F-3315-449A-BE6A-41FFA516121E}.Release|Any CPU.ActiveCfg = Release|Any CPU
		{517B8A0F-3315-449A-BE6A-41FFA516121E}.Release|Any CPU.Build.0 = Release|Any CPU
	EndGlobalSection
	GlobalSection(SolutionProperties) = preSolution
		HideSolutionNode = FALSE
	EndGlobalSection
	GlobalSection(ExtensibilityGlobals) = postSolution
		SolutionGuid = {F22A5C6D-D84A-4777-8380-BADAC0484AC7}
	EndGlobalSection
EndGlobal
